
Microsoft Visual Studio Solution File, Format Version 12.00
# Visual Studio Version 16
VisualStudioVersion = 16.0.30804.86
MinimumVisualStudioVersion = 10.0.40219.1
Project("{FAE04EC0-301F-11D3-BF4B-00C04F79EFBC}") = "webserwinform", "webserwinform\webserwinform.csproj", "{8291D124-56FE-460A-8C11-518B20C80B8C}"
EndProject
Global
	GlobalSection(SolutionConfigurationPlatforms) = preSolution
		Debug|Any CPU = Debug|Any CPU
		Release|Any CPU = Release|Any CPU
	EndGlobalSection
	GlobalSection(ProjectConfigurationPlatforms) = postSolution
		{8291D124-56FE-460A-8C11-518B20C80B8C}.Debug|Any CPU.ActiveCfg = Debug|Any CPU
		{8291D124-56FE-460A-8C11-518B20C80B8C}.Debug|Any CPU.Build.0 = Debug|Any CPU
		{8291D124-56FE-460A-8C11-518B20C80B8C}.Release|Any CPU.ActiveCfg = Release|Any CPU
		{8291D124-56FE-460A-8C11-518B20C80B8C}.Release|Any CPU.Build.0 = Release|Any CPU
	EndGlobalSection
	GlobalSection(SolutionProperties) = preSolution
		HideSolutionNode = FALSE
	EndGlobalSection
	GlobalSection(ExtensibilityGlobals) = postSolution
		SolutionGuid = {2A7C1F62-281B-4D70-A95E-B8647E85DF03}
	EndGlobalSection
EndGlobal
